
Microsoft Visual Studio Solution File, Format Version 10.00
# Visual Studio 2008
Project("{8BC9CEB8-8B4A-11D0-8D11-00A0C91BC942}") = "1_simple.windows", "1_simple\1_simple.windows.vcproj", "{C74B57DB-C7EF-4718-8BD9-9F6AE6478FAC}"
	ProjectSection(ProjectDependencies) = postProject
		{4908A1B7-06F4-4517-936A-D81D140004F7} = {4908A1B7-06F4-4517-936A-D81D140004F7}
	EndProjectSection
EndProject
Project("{8BC9CEB8-8B4A-11D0-8D11-00A0C91BC942}") = "2_stable.windows", "2_stable\2_stable.winsows.vcproj", "{4CEE7D0E-6C26-4E94-9682-6ECB73091DF7}"
	ProjectSection(ProjectDependencies) = postProject
		{4908A1B7-06F4-4517-936A-D81D140004F7} = {4908A1B7-06F4-4517-936A-D81D140004F7}
	EndProjectSection
EndProject
Project("{8BC9CEB8-8B4A-11D0-8D11-00A0C91BC942}") = "3_sleep.windows", "3_sleep\3_sleep.windows.vcproj", "{97E051D8-9233-410D-8123-E5ED749D6640}"
	ProjectSection(ProjectDependencies) = postProject
		{4908A1B7-06F4-4517-936A-D81D140004F7} = {4908A1B7-06F4-4517-936A-D81D140004F7}
	EndProjectSection
EndProject
Project("{8BC9CEB8-8B4A-11D0-8D11-00A0C91BC942}") = "4_motion_type.windows", "4_motion_type\4_motion_type.windows.vcproj", "{B4B4695B-055A-48F5-B9AC-A49F6BCAFCE2}"
	ProjectSection(ProjectDependencies) = postProject
		{4908A1B7-06F4-4517-936A-D81D140004F7} = {4908A1B7-06F4-4517-936A-D81D140004F7}
	EndProjectSection
EndProject
Project("{8BC9CEB8-8B4A-11D0-8D11-00A0C91BC942}") = "5_raycast.windows", "5_raycast\5_raycast.windows.vcproj", "{96B87A78-C8E3-43C5-B0E4-9A30999B2712}"
	ProjectSection(ProjectDependencies) = postProject
		{4908A1B7-06F4-4517-936A-D81D140004F7} = {4908A1B7-06F4-4517-936A-D81D140004F7}
	EndProjectSection
EndProject
Project("{8BC9CEB8-8B4A-11D0-8D11-00A0C91BC942}") = "6_joint.windows", "6_joint\6_joint.windows.vcproj", "{A296A166-9E6A-44DE-BF58-30131687A117}"
	ProjectSection(ProjectDependencies) = postProject
		{4908A1B7-06F4-4517-936A-D81D140004F7} = {4908A1B7-06F4-4517-936A-D81D140004F7}
	EndProjectSection
EndProject
Project("{8BC9CEB8-8B4A-11D0-8D11-00A0C91BC942}") = "99_BulletPhysicsEffects", "99_bullet_highlevel\99_BulletPhysicsEffects.vcproj", "{74D8E3A1-33A5-49FB-B822-FA4EA49C66E8}"
	ProjectSection(ProjectDependencies) = postProject
		{A0E7D548-5EF1-4D5A-A1E0-B92EC1EE6A3B} = {A0E7D548-5EF1-4D5A-A1E0-B92EC1EE6A3B}
		{519F115F-F196-49FE-9B24-49618A6202BB} = {519F115F-F196-49FE-9B24-49618A6202BB}
		{C0E1329C-3D6F-492D-8EFF-08069F096C6E} = {C0E1329C-3D6F-492D-8EFF-08069F096C6E}
		{4908A1B7-06F4-4517-936A-D81D140004F7} = {4908A1B7-06F4-4517-936A-D81D140004F7}
		{C50159E6-AB98-46A3-81DA-720CC6A8A86E} = {C50159E6-AB98-46A3-81DA-720CC6A8A86E}
	EndProjectSection
EndProject
Project("{8BC9CEB8-8B4A-11D0-8D11-00A0C91BC942}") = "physics_effects_lib.oss", "..\..\project\physics_effects_lib.oss.vcproj", "{4908A1B7-06F4-4517-936A-D81D140004F7}"
EndProject
Project("{8BC9CEB8-8B4A-11D0-8D11-00A0C91BC942}") = "LinearMath", "..\..\project\msvc2008_32\LinearMath.vcproj", "{519F115F-F196-49FE-9B24-49618A6202BB}"
EndProject
Project("{8BC9CEB8-8B4A-11D0-8D11-00A0C91BC942}") = "BulletCollision", "..\..\project\msvc2008_32\BulletCollision.vcproj", "{C0E1329C-3D6F-492D-8EFF-08069F096C6E}"
EndProject
Project("{8BC9CEB8-8B4A-11D0-8D11-00A0C91BC942}") = "BulletDynamics", "..\..\project\msvc2008_32\BulletDynamics.vcproj", "{C50159E6-AB98-46A3-81DA-720CC6A8A86E}"
EndProject
Project("{8BC9CEB8-8B4A-11D0-8D11-00A0C91BC942}") = "BulletMultiThreaded", "..\..\project\msvc2008_32\BulletMultiThreaded.vcproj", "{A0E7D548-5EF1-4D5A-A1E0-B92EC1EE6A3B}"
EndProject
Global
	GlobalSection(SolutionConfigurationPlatforms) = preSolution
		Debug|Win32 = Debug|Win32
		Debug|x64 = Debug|x64
		MinSizeRel|Win32 = MinSizeRel|Win32
		MinSizeRel|x64 = MinSizeRel|x64
		Release|Win32 = Release|Win32
		Release|x64 = Release|x64
		RelWithDebInfo|Win32 = RelWithDebInfo|Win32
		RelWithDebInfo|x64 = RelWithDebInfo|x64
		Win32 Debug|Win32 = Win32 Debug|Win32
		Win32 Debug|x64 = Win32 Debug|x64
		Win32 Release|Win32 = Win32 Release|Win32
		Win32 Release|x64 = Win32 Release|x64
		Win64 Debug|Win32 = Win64 Debug|Win32
		Win64 Debug|x64 = Win64 Debug|x64
		Win64 Release|Win32 = Win64 Release|Win32
		Win64 Release|x64 = Win64 Release|x64
	EndGlobalSection
	GlobalSection(ProjectConfigurationPlatforms) = postSolution
		{C74B57DB-C7EF-4718-8BD9-9F6AE6478FAC}.Debug|Win32.ActiveCfg = Win64 Debug|Win32
		{C74B57DB-C7EF-4718-8BD9-9F6AE6478FAC}.Debug|Win32.Build.0 = Win64 Debug|Win32
		{C74B57DB-C7EF-4718-8BD9-9F6AE6478FAC}.Debug|x64.ActiveCfg = Win64 Debug|x64
		{C74B57DB-C7EF-4718-8BD9-9F6AE6478FAC}.Debug|x64.Build.0 = Win64 Debug|x64
		{C74B57DB-C7EF-4718-8BD9-9F6AE6478FAC}.MinSizeRel|Win32.ActiveCfg = Win64 Release|x64
		{C74B57DB-C7EF-4718-8BD9-9F6AE6478FAC}.MinSizeRel|x64.ActiveCfg = Win64 Release|x64
		{C74B57DB-C7EF-4718-8BD9-9F6AE6478FAC}.MinSizeRel|x64.Build.0 = Win64 Release|x64
		{C74B57DB-C7EF-4718-8BD9-9F6AE6478FAC}.Release|Win32.ActiveCfg = Win64 Release|Win32
		{C74B57DB-C7EF-4718-8BD9-9F6AE6478FAC}.Release|Win32.Build.0 = Win64 Release|Win32
		{C74B57DB-C7EF-4718-8BD9-9F6AE6478FAC}.Release|x64.ActiveCfg = Win64 Release|x64
		{C74B57DB-C7EF-4718-8BD9-9F6AE6478FAC}.Release|x64.Build.0 = Win64 Release|x64
		{C74B57DB-C7EF-4718-8BD9-9F6AE6478FAC}.RelWithDebInfo|Win32.ActiveCfg = Win64 Release|x64
		{C74B57DB-C7EF-4718-8BD9-9F6AE6478FAC}.RelWithDebInfo|x64.ActiveCfg = Win64 Release|x64
		{C74B57DB-C7EF-4718-8BD9-9F6AE6478FAC}.RelWithDebInfo|x64.Build.0 = Win64 Release|x64
		{C74B57DB-C7EF-4718-8BD9-9F6AE6478FAC}.Win32 Debug|Win32.ActiveCfg = Win32 Debug|Win32
		{C74B57DB-C7EF-4718-8BD9-9F6AE6478FAC}.Win32 Debug|Win32.Build.0 = Win32 Debug|Win32
		{C74B57DB-C7EF-4718-8BD9-9F6AE6478FAC}.Win32 Debug|x64.ActiveCfg = Win32 Debug|x64
		{C74B57DB-C7EF-4718-8BD9-9F6AE6478FAC}.Win32 Debug|x64.Build.0 = Win32 Debug|x64
		{C74B57DB-C7EF-4718-8BD9-9F6AE6478FAC}.Win32 Release|Win32.ActiveCfg = Win32 Release|Win32
		{C74B57DB-C7EF-4718-8BD9-9F6AE6478FAC}.Win32 Release|Win32.Build.0 = Win32 Release|Win32
		{C74B57DB-C7EF-4718-8BD9-9F6AE6478FAC}.Win32 Release|x64.ActiveCfg = Win32 Release|x64
		{C74B57DB-C7EF-4718-8BD9-9F6AE6478FAC}.Win32 Release|x64.Build.0 = Win32 Release|x64
		{C74B57DB-C7EF-4718-8BD9-9F6AE6478FAC}.Win64 Debug|Win32.ActiveCfg = Win64 Debug|x64
		{C74B57DB-C7EF-4718-8BD9-9F6AE6478FAC}.Win64 Debug|Win32.Build.0 = Win64 Debug|x64
		{C74B57DB-C7EF-4718-8BD9-9F6AE6478FAC}.Win64 Debug|x64.ActiveCfg = Win64 Debug|x64
		{C74B57DB-C7EF-4718-8BD9-9F6AE6478FAC}.Win64 Debug|x64.Build.0 = Win64 Debug|x64
		{C74B57DB-C7EF-4718-8BD9-9F6AE6478FAC}.Win64 Release|Win32.ActiveCfg = Win64 Release|x64
		{C74B57DB-C7EF-4718-8BD9-9F6AE6478FAC}.Win64 Release|Win32.Build.0 = Win64 Release|x64
		{C74B57DB-C7EF-4718-8BD9-9F6AE6478FAC}.Win64 Release|x64.ActiveCfg = Win64 Release|x64
		{C74B57DB-C7EF-4718-8BD9-9F6AE6478FAC}.Win64 Release|x64.Build.0 = Win64 Release|x64
		{4CEE7D0E-6C26-4E94-9682-6ECB73091DF7}.Debug|Win32.ActiveCfg = Win64 Debug|Win32
		{4CEE7D0E-6C26-4E94-9682-6ECB73091DF7}.Debug|Win32.Build.0 = Win64 Debug|Win32
		{4CEE7D0E-6C26-4E94-9682-6ECB73091DF7}.Debug|x64.ActiveCfg = Win64 Debug|x64
		{4CEE7D0E-6C26-4E94-9682-6ECB73091DF7}.Debug|x64.Build.0 = Win64 Debug|x64
		{4CEE7D0E-6C26-4E94-9682-6ECB73091DF7}.MinSizeRel|Win32.ActiveCfg = Win64 Release|x64
		{4CEE7D0E-6C26-4E94-9682-6ECB73091DF7}.MinSizeRel|x64.ActiveCfg = Win64 Release|x64
		{4CEE7D0E-6C26-4E94-9682-6ECB73091DF7}.MinSizeRel|x64.Build.0 = Win64 Release|x64
		{4CEE7D0E-6C26-4E94-9682-6ECB73091DF7}.Release|Win32.ActiveCfg = Win64 Release|Win32
		{4CEE7D0E-6C26-4E94-9682-6ECB73091DF7}.Release|Win32.Build.0 = Win64 Release|Win32
		{4CEE7D0E-6C26-4E94-9682-6ECB73091DF7}.Release|x64.ActiveCfg = Win64 Release|x64
		{4CEE7D0E-6C26-4E94-9682-6ECB73091DF7}.Release|x64.Build.0 = Win64 Release|x64
		{4CEE7D0E-6C26-4E94-9682-6ECB73091DF7}.RelWithDebInfo|Win32.ActiveCfg = Win64 Release|x64
		{4CEE7D0E-6C26-4E94-9682-6ECB73091DF7}.RelWithDebInfo|x64.ActiveCfg = Win64 Release|x64
		{4CEE7D0E-6C26-4E94-9682-6ECB73091DF7}.RelWithDebInfo|x64.Build.0 = Win64 Release|x64
		{4CEE7D0E-6C26-4E94-9682-6ECB73091DF7}.Win32 Debug|Win32.ActiveCfg = Win32 Debug|Win32
		{4CEE7D0E-6C26-4E94-9682-6ECB73091DF7}.Win32 Debug|Win32.Build.0 = Win32 Debug|Win32
		{4CEE7D0E-6C26-4E94-9682-6ECB73091DF7}.Win32 Debug|x64.ActiveCfg = Win32 Debug|x64
		{4CEE7D0E-6C26-4E94-9682-6ECB73091DF7}.Win32 Debug|x64.Build.0 = Win32 Debug|x64
		{4CEE7D0E-6C26-4E94-9682-6ECB73091DF7}.Win32 Release|Win32.ActiveCfg = Win32 Release|Win32
		{4CEE7D0E-6C26-4E94-9682-6ECB73091DF7}.Win32 Release|Win32.Build.0 = Win32 Release|Win32
		{4CEE7D0E-6C26-4E94-9682-6ECB73091DF7}.Win32 Release|x64.ActiveCfg = Win32 Release|x64
		{4CEE7D0E-6C26-4E94-9682-6ECB73091DF7}.Win32 Release|x64.Build.0 = Win32 Release|x64
		{4CEE7D0E-6C26-4E94-9682-6ECB73091DF7}.Win64 Debug|Win32.ActiveCfg = Win64 Debug|x64
		{4CEE7D0E-6C26-4E94-9682-6ECB73091DF7}.Win64 Debug|Win32.Build.0 = Win64 Debug|x64
		{4CEE7D0E-6C26-4E94-9682-6ECB73091DF7}.Win64 Debug|x64.ActiveCfg = Win64 Debug|x64
		{4CEE7D0E-6C26-4E94-9682-6ECB73091DF7}.Win64 Debug|x64.Build.0 = Win64 Debug|x64
		{4CEE7D0E-6C26-4E94-9682-6ECB73091DF7}.Win64 Release|Win32.ActiveCfg = Win64 Release|x64
		{4CEE7D0E-6C26-4E94-9682-6ECB73091DF7}.Win64 Release|Win32.Build.0 = Win64 Release|x64
		{4CEE7D0E-6C26-4E94-9682-6ECB73091DF7}.Win64 Release|x64.ActiveCfg = Win64 Release|x64
		{4CEE7D0E-6C26-4E94-9682-6ECB73091DF7}.Win64 Release|x64.Build.0 = Win64 Release|x64
		{97E051D8-9233-410D-8123-E5ED749D6640}.Debug|Win32.ActiveCfg = Win64 Debug|Win32
		{97E051D8-9233-410D-8123-E5ED749D6640}.Debug|Win32.Build.0 = Win64 Debug|Win32
		{97E051D8-9233-410D-8123-E5ED749D6640}.Debug|x64.ActiveCfg = Win64 Debug|x64
		{97E051D8-9233-410D-8123-E5ED749D6640}.Debug|x64.Build.0 = Win64 Debug|x64
		{97E051D8-9233-410D-8123-E5ED749D6640}.MinSizeRel|Win32.ActiveCfg = Win64 Release|x64
		{97E051D8-9233-410D-8123-E5ED749D6640}.MinSizeRel|x64.ActiveCfg = Win64 Release|x64
		{97E051D8-9233-410D-8123-E5ED749D6640}.MinSizeRel|x64.Build.0 = Win64 Release|x64
		{97E051D8-9233-410D-8123-E5ED749D6640}.Release|Win32.ActiveCfg = Win64 Release|Win32
		{97E051D8-9233-410D-8123-E5ED749D6640}.Release|Win32.Build.0 = Win64 Release|Win32
		{97E051D8-9233-410D-8123-E5ED749D6640}.Release|x64.ActiveCfg = Win64 Release|x64
		{97E051D8-9233-410D-8123-E5ED749D6640}.Release|x64.Build.0 = Win64 Release|x64
		{97E051D8-9233-410D-8123-E5ED749D6640}.RelWithDebInfo|Win32.ActiveCfg = Win64 Release|x64
		{97E051D8-9233-410D-8123-E5ED749D6640}.RelWithDebInfo|x64.ActiveCfg = Win64 Release|x64
		{97E051D8-9233-410D-8123-E5ED749D6640}.RelWithDebInfo|x64.Build.0 = Win64 Release|x64
		{97E051D8-9233-410D-8123-E5ED749D6640}.Win32 Debug|Win32.ActiveCfg = Win32 Debug|Win32
		{97E051D8-9233-410D-8123-E5ED749D6640}.Win32 Debug|Win32.Build.0 = Win32 Debug|Win32
		{97E051D8-9233-410D-8123-E5ED749D6640}.Win32 Debug|x64.ActiveCfg = Win32 Debug|x64
		{97E051D8-9233-410D-8123-E5ED749D6640}.Win32 Debug|x64.Build.0 = Win32 Debug|x64
		{97E051D8-9233-410D-8123-E5ED749D6640}.Win32 Release|Win32.ActiveCfg = Win32 Release|Win32
		{97E051D8-9233-410D-8123-E5ED749D6640}.Win32 Release|Win32.Build.0 = Win32 Release|Win32
		{97E051D8-9233-410D-8123-E5ED749D6640}.Win32 Release|x64.ActiveCfg = Win32 Release|x64
		{97E051D8-9233-410D-8123-E5ED749D6640}.Win32 Release|x64.Build.0 = Win32 Release|x64
		{97E051D8-9233-410D-8123-E5ED749D6640}.Win64 Debug|Win32.ActiveCfg = Win64 Debug|x64
		{97E051D8-9233-410D-8123-E5ED749D6640}.Win64 Debug|Win32.Build.0 = Win64 Debug|x64
		{97E051D8-9233-410D-8123-E5ED749D6640}.Win64 Debug|x64.ActiveCfg = Win64 Debug|x64
		{97E051D8-9233-410D-8123-E5ED749D6640}.Win64 Debug|x64.Build.0 = Win64 Debug|x64
		{97E051D8-9233-410D-8123-E5ED749D6640}.Win64 Release|Win32.ActiveCfg = Win64 Release|x64
		{97E051D8-9233-410D-8123-E5ED749D6640}.Win64 Release|Win32.Build.0 = Win64 Release|x64
		{97E051D8-9233-410D-8123-E5ED749D6640}.Win64 Release|x64.ActiveCfg = Win64 Release|x64
		{97E051D8-9233-410D-8123-E5ED749D6640}.Win64 Release|x64.Build.0 = Win64 Release|x64
		{B4B4695B-055A-48F5-B9AC-A49F6BCAFCE2}.Debug|Win32.ActiveCfg = Win64 Debug|Win32
		{B4B4695B-055A-48F5-B9AC-A49F6BCAFCE2}.Debug|Win32.Build.0 = Win64 Debug|Win32
		{B4B4695B-055A-48F5-B9AC-A49F6BCAFCE2}.Debug|x64.ActiveCfg = Win64 Debug|x64
		{B4B4695B-055A-48F5-B9AC-A49F6BCAFCE2}.Debug|x64.Build.0 = Win64 Debug|x64
		{B4B4695B-055A-48F5-B9AC-A49F6BCAFCE2}.MinSizeRel|Win32.ActiveCfg = Win64 Release|x64
		{B4B4695B-055A-48F5-B9AC-A49F6BCAFCE2}.MinSizeRel|x64.ActiveCfg = Win64 Release|x64
		{B4B4695B-055A-48F5-B9AC-A49F6BCAFCE2}.MinSizeRel|x64.Build.0 = Win64 Release|x64
		{B4B4695B-055A-48F5-B9AC-A49F6BCAFCE2}.Release|Win32.ActiveCfg = Win64 Release|Win32
		{B4B4695B-055A-48F5-B9AC-A49F6BCAFCE2}.Release|Win32.Build.0 = Win64 Release|Win32
		{B4B4695B-055A-48F5-B9AC-A49F6BCAFCE2}.Release|x64.ActiveCfg = Win64 Release|x64
		{B4B4695B-055A-48F5-B9AC-A49F6BCAFCE2}.Release|x64.Build.0 = Win64 Release|x64
		{B4B4695B-055A-48F5-B9AC-A49F6BCAFCE2}.RelWithDebInfo|Win32.ActiveCfg = Win64 Release|x64
		{B4B4695B-055A-48F5-B9AC-A49F6BCAFCE2}.RelWithDebInfo|x64.ActiveCfg = Win64 Release|x64
		{B4B4695B-055A-48F5-B9AC-A49F6BCAFCE2}.RelWithDebInfo|x64.Build.0 = Win64 Release|x64
		{B4B4695B-055A-48F5-B9AC-A49F6BCAFCE2}.Win32 Debug|Win32.ActiveCfg = Win32 Debug|Win32
		{B4B4695B-055A-48F5-B9AC-A49F6BCAFCE2}.Win32 Debug|Win32.Build.0 = Win32 Debug|Win32
		{B4B4695B-055A-48F5-B9AC-A49F6BCAFCE2}.Win32 Debug|x64.ActiveCfg = Win32 Debug|x64
		{B4B4695B-055A-48F5-B9AC-A49F6BCAFCE2}.Win32 Debug|x64.Build.0 = Win32 Debug|x64
		{B4B4695B-055A-48F5-B9AC-A49F6BCAFCE2}.Win32 Release|Win32.ActiveCfg = Win32 Release|Win32
		{B4B4695B-055A-48F5-B9AC-A49F6BCAFCE2}.Win32 Release|Win32.Build.0 = Win32 Release|Win32
		{B4B4695B-055A-48F5-B9AC-A49F6BCAFCE2}.Win32 Release|x64.ActiveCfg = Win32 Release|x64
		{B4B4695B-055A-48F5-B9AC-A49F6BCAFCE2}.Win32 Release|x64.Build.0 = Win32 Release|x64
		{B4B4695B-055A-48F5-B9AC-A49F6BCAFCE2}.Win64 Debug|Win32.ActiveCfg = Win64 Debug|x64
		{B4B4695B-055A-48F5-B9AC-A49F6BCAFCE2}.Win64 Debug|Win32.Build.0 = Win64 Debug|x64
		{B4B4695B-055A-48F5-B9AC-A49F6BCAFCE2}.Win64 Debug|x64.ActiveCfg = Win64 Debug|x64
		{B4B4695B-055A-48F5-B9AC-A49F6BCAFCE2}.Win64 Debug|x64.Build.0 = Win64 Debug|x64
		{B4B4695B-055A-48F5-B9AC-A49F6BCAFCE2}.Win64 Release|Win32.ActiveCfg = Win64 Release|x64
		{B4B4695B-055A-48F5-B9AC-A49F6BCAFCE2}.Win64 Release|Win32.Build.0 = Win64 Release|x64
		{B4B4695B-055A-48F5-B9AC-A49F6BCAFCE2}.Win64 Release|x64.ActiveCfg = Win64 Release|x64
		{B4B4695B-055A-48F5-B9AC-A49F6BCAFCE2}.Win64 Release|x64.Build.0 = Win64 Release|x64
		{96B87A78-C8E3-43C5-B0E4-9A30999B2712}.Debug|Win32.ActiveCfg = Win64 Debug|Win32
		{96B87A78-C8E3-43C5-B0E4-9A30999B2712}.Debug|Win32.Build.0 = Win64 Debug|Win32
		{96B87A78-C8E3-43C5-B0E4-9A30999B2712}.Debug|x64.ActiveCfg = Win64 Debug|x64
		{96B87A78-C8E3-43C5-B0E4-9A30999B2712}.Debug|x64.Build.0 = Win64 Debug|x64
		{96B87A78-C8E3-43C5-B0E4-9A30999B2712}.MinSizeRel|Win32.ActiveCfg = Win64 Release|x64
		{96B87A78-C8E3-43C5-B0E4-9A30999B2712}.MinSizeRel|x64.ActiveCfg = Win64 Release|x64
		{96B87A78-C8E3-43C5-B0E4-9A30999B2712}.MinSizeRel|x64.Build.0 = Win64 Release|x64
		{96B87A78-C8E3-43C5-B0E4-9A30999B2712}.Release|Win32.ActiveCfg = Win64 Release|Win32
		{96B87A78-C8E3-43C5-B0E4-9A30999B2712}.Release|Win32.Build.0 = Win64 Release|Win32
		{96B87A78-C8E3-43C5-B0E4-9A30999B2712}.Release|x64.ActiveCfg = Win64 Release|x64
		{96B87A78-C8E3-43C5-B0E4-9A30999B2712}.Release|x64.Build.0 = Win64 Release|x64
		{96B87A78-C8E3-43C5-B0E4-9A30999B2712}.RelWithDebInfo|Win32.ActiveCfg = Win64 Release|x64
		{96B87A78-C8E3-43C5-B0E4-9A30999B2712}.RelWithDebInfo|x64.ActiveCfg = Win64 Release|x64
		{96B87A78-C8E3-43C5-B0E4-9A30999B2712}.RelWithDebInfo|x64.Build.0 = Win64 Release|x64
		{96B87A78-C8E3-43C5-B0E4-9A30999B2712}.Win32 Debug|Win32.ActiveCfg = Win32 Debug|Win32
		{96B87A78-C8E3-43C5-B0E4-9A30999B2712}.Win32 Debug|Win32.Build.0 = Win32 Debug|Win32
		{96B87A78-C8E3-43C5-B0E4-9A30999B2712}.Win32 Debug|x64.ActiveCfg = Win32 Debug|x64
		{96B87A78-C8E3-43C5-B0E4-9A30999B2712}.Win32 Debug|x64.Build.0 = Win32 Debug|x64
		{96B87A78-C8E3-43C5-B0E4-9A30999B2712}.Win32 Release|Win32.ActiveCfg = Win32 Release|Win32
		{96B87A78-C8E3-43C5-B0E4-9A30999B2712}.Win32 Release|Win32.Build.0 = Win32 Release|Win32
		{96B87A78-C8E3-43C5-B0E4-9A30999B2712}.Win32 Release|x64.ActiveCfg = Win32 Release|x64
		{96B87A78-C8E3-43C5-B0E4-9A30999B2712}.Win32 Release|x64.Build.0 = Win32 Release|x64
		{96B87A78-C8E3-43C5-B0E4-9A30999B2712}.Win64 Debug|Win32.ActiveCfg = Win64 Debug|x64
		{96B87A78-C8E3-43C5-B0E4-9A30999B2712}.Win64 Debug|Win32.Build.0 = Win64 Debug|x64
		{96B87A78-C8E3-43C5-B0E4-9A30999B2712}.Win64 Debug|x64.ActiveCfg = Win64 Debug|x64
		{96B87A78-C8E3-43C5-B0E4-9A30999B2712}.Win64 Debug|x64.Build.0 = Win64 Debug|x64
		{96B87A78-C8E3-43C5-B0E4-9A30999B2712}.Win64 Release|Win32.ActiveCfg = Win64 Release|x64
		{96B87A78-C8E3-43C5-B0E4-9A30999B2712}.Win64 Release|Win32.Build.0 = Win64 Release|x64
		{96B87A78-C8E3-43C5-B0E4-9A30999B2712}.Win64 Release|x64.ActiveCfg = Win64 Release|x64
		{96B87A78-C8E3-43C5-B0E4-9A30999B2712}.Win64 Release|x64.Build.0 = Win64 Release|x64
		{A296A166-9E6A-44DE-BF58-30131687A117}.Debug|Win32.ActiveCfg = Win64 Debug|Win32
		{A296A166-9E6A-44DE-BF58-30131687A117}.Debug|Win32.Build.0 = Win64 Debug|Win32
		{A296A166-9E6A-44DE-BF58-30131687A117}.Debug|x64.ActiveCfg = Win64 Debug|x64
		{A296A166-9E6A-44DE-BF58-30131687A117}.Debug|x64.Build.0 = Win64 Debug|x64
		{A296A166-9E6A-44DE-BF58-30131687A117}.MinSizeRel|Win32.ActiveCfg = Win64 Release|x64
		{A296A166-9E6A-44DE-BF58-30131687A117}.MinSizeRel|x64.ActiveCfg = Win64 Release|x64
		{A296A166-9E6A-44DE-BF58-30131687A117}.MinSizeRel|x64.Build.0 = Win64 Release|x64
		{A296A166-9E6A-44DE-BF58-30131687A117}.Release|Win32.ActiveCfg = Win64 Release|Win32
		{A296A166-9E6A-44DE-BF58-30131687A117}.Release|Win32.Build.0 = Win64 Release|Win32
		{A296A166-9E6A-44DE-BF58-30131687A117}.Release|x64.ActiveCfg = Win64 Release|x64
		{A296A166-9E6A-44DE-BF58-30131687A117}.Release|x64.Build.0 = Win64 Release|x64
		{A296A166-9E6A-44DE-BF58-30131687A117}.RelWithDebInfo|Win32.ActiveCfg = Win64 Release|x64
		{A296A166-9E6A-44DE-BF58-30131687A117}.RelWithDebInfo|x64.ActiveCfg = Win64 Release|x64
		{A296A166-9E6A-44DE-BF58-30131687A117}.RelWithDebInfo|x64.Build.0 = Win64 Release|x64
		{A296A166-9E6A-44DE-BF58-30131687A117}.Win32 Debug|Win32.ActiveCfg = Win32 Debug|Win32
		{A296A166-9E6A-44DE-BF58-30131687A117}.Win32 Debug|Win32.Build.0 = Win32 Debug|Win32
		{A296A166-9E6A-44DE-BF58-30131687A117}.Win32 Debug|x64.ActiveCfg = Win32 Debug|x64
		{A296A166-9E6A-44DE-BF58-30131687A117}.Win32 Debug|x64.Build.0 = Win32 Debug|x64
		{A296A166-9E6A-44DE-BF58-30131687A117}.Win32 Release|Win32.ActiveCfg = Win32 Release|Win32
		{A296A166-9E6A-44DE-BF58-30131687A117}.Win32 Release|Win32.Build.0 = Win32 Release|Win32
		{A296A166-9E6A-44DE-BF58-30131687A117}.Win32 Release|x64.ActiveCfg = Win32 Release|x64
		{A296A166-9E6A-44DE-BF58-30131687A117}.Win32 Release|x64.Build.0 = Win32 Release|x64
		{A296A166-9E6A-44DE-BF58-30131687A117}.Win64 Debug|Win32.ActiveCfg = Win64 Debug|x64
		{A296A166-9E6A-44DE-BF58-30131687A117}.Win64 Debug|Win32.Build.0 = Win64 Debug|x64
		{A296A166-9E6A-44DE-BF58-30131687A117}.Win64 Debug|x64.ActiveCfg = Win64 Debug|x64
		{A296A166-9E6A-44DE-BF58-30131687A117}.Win64 Debug|x64.Build.0 = Win64 Debug|x64
		{A296A166-9E6A-44DE-BF58-30131687A117}.Win64 Release|Win32.ActiveCfg = Win64 Release|x64
		{A296A166-9E6A-44DE-BF58-30131687A117}.Win64 Release|Win32.Build.0 = Win64 Release|x64
		{A296A166-9E6A-44DE-BF58-30131687A117}.Win64 Release|x64.ActiveCfg = Win64 Release|x64
		{A296A166-9E6A-44DE-BF58-30131687A117}.Win64 Release|x64.Build.0 = Win64 Release|x64
		{74D8E3A1-33A5-49FB-B822-FA4EA49C66E8}.Debug|Win32.ActiveCfg = Debug|Win32
		{74D8E3A1-33A5-49FB-B822-FA4EA49C66E8}.Debug|Win32.Build.0 = Debug|Win32
		{74D8E3A1-33A5-49FB-B822-FA4EA49C66E8}.Debug|x64.ActiveCfg = Debug|Win32
		{74D8E3A1-33A5-49FB-B822-FA4EA49C66E8}.MinSizeRel|Win32.ActiveCfg = Release|Win32
		{74D8E3A1-33A5-49FB-B822-FA4EA49C66E8}.MinSizeRel|Win32.Build.0 = Release|Win32
		{74D8E3A1-33A5-49FB-B822-FA4EA49C66E8}.MinSizeRel|x64.ActiveCfg = Release|Win32
		{74D8E3A1-33A5-49FB-B822-FA4EA49C66E8}.Release|Win32.ActiveCfg = Release|Win32
		{74D8E3A1-33A5-49FB-B822-FA4EA49C66E8}.Release|Win32.Build.0 = Release|Win32
		{74D8E3A1-33A5-49FB-B822-FA4EA49C66E8}.Release|x64.ActiveCfg = Release|Win32
		{74D8E3A1-33A5-49FB-B822-FA4EA49C66E8}.RelWithDebInfo|Win32.ActiveCfg = Release|Win32
		{74D8E3A1-33A5-49FB-B822-FA4EA49C66E8}.RelWithDebInfo|Win32.Build.0 = Release|Win32
		{74D8E3A1-33A5-49FB-B822-FA4EA49C66E8}.RelWithDebInfo|x64.ActiveCfg = Release|Win32
		{74D8E3A1-33A5-49FB-B822-FA4EA49C66E8}.Win32 Debug|Win32.ActiveCfg = Debug|Win32
		{74D8E3A1-33A5-49FB-B822-FA4EA49C66E8}.Win32 Debug|Win32.Build.0 = Debug|Win32
		{74D8E3A1-33A5-49FB-B822-FA4EA49C66E8}.Win32 Debug|x64.ActiveCfg = Debug|Win32
		{74D8E3A1-33A5-49FB-B822-FA4EA49C66E8}.Win32 Release|Win32.ActiveCfg = Release|Win32
		{74D8E3A1-33A5-49FB-B822-FA4EA49C66E8}.Win32 Release|Win32.Build.0 = Release|Win32
		{74D8E3A1-33A5-49FB-B822-FA4EA49C66E8}.Win32 Release|x64.ActiveCfg = Release|Win32
		{74D8E3A1-33A5-49FB-B822-FA4EA49C66E8}.Win64 Debug|Win32.ActiveCfg = Debug|Win32
		{74D8E3A1-33A5-49FB-B822-FA4EA49C66E8}.Win64 Debug|Win32.Build.0 = Debug|Win32
		{74D8E3A1-33A5-49FB-B822-FA4EA49C66E8}.Win64 Debug|x64.ActiveCfg = Debug|Win32
		{74D8E3A1-33A5-49FB-B822-FA4EA49C66E8}.Win64 Release|Win32.ActiveCfg = Release|Win32
		{74D8E3A1-33A5-49FB-B822-FA4EA49C66E8}.Win64 Release|Win32.Build.0 = Release|Win32
		{74D8E3A1-33A5-49FB-B822-FA4EA49C66E8}.Win64 Release|x64.ActiveCfg = Release|Win32
		{4908A1B7-06F4-4517-936A-D81D140004F7}.Debug|Win32.ActiveCfg = Win64 Debug|Win32
		{4908A1B7-06F4-4517-936A-D81D140004F7}.Debug|Win32.Build.0 = Win64 Debug|Win32
		{4908A1B7-06F4-4517-936A-D81D140004F7}.Debug|x64.ActiveCfg = Win64 Debug|x64
		{4908A1B7-06F4-4517-936A-D81D140004F7}.Debug|x64.Build.0 = Win64 Debug|x64
		{4908A1B7-06F4-4517-936A-D81D140004F7}.MinSizeRel|Win32.ActiveCfg = Win64 Release|x64
		{4908A1B7-06F4-4517-936A-D81D140004F7}.MinSizeRel|x64.ActiveCfg = Win64 Release|x64
		{4908A1B7-06F4-4517-936A-D81D140004F7}.MinSizeRel|x64.Build.0 = Win64 Release|x64
		{4908A1B7-06F4-4517-936A-D81D140004F7}.Release|Win32.ActiveCfg = Win64 Release|Win32
		{4908A1B7-06F4-4517-936A-D81D140004F7}.Release|Win32.Build.0 = Win64 Release|Win32
		{4908A1B7-06F4-4517-936A-D81D140004F7}.Release|x64.ActiveCfg = Win64 Release|x64
		{4908A1B7-06F4-4517-936A-D81D140004F7}.Release|x64.Build.0 = Win64 Release|x64
		{4908A1B7-06F4-4517-936A-D81D140004F7}.RelWithDebInfo|Win32.ActiveCfg = Win64 Release|x64
		{4908A1B7-06F4-4517-936A-D81D140004F7}.RelWithDebInfo|x64.ActiveCfg = Win64 Release|x64
		{4908A1B7-06F4-4517-936A-D81D140004F7}.RelWithDebInfo|x64.Build.0 = Win64 Release|x64
		{4908A1B7-06F4-4517-936A-D81D140004F7}.Win32 Debug|Win32.ActiveCfg = Win32 Debug|Win32
		{4908A1B7-06F4-4517-936A-D81D140004F7}.Win32 Debug|Win32.Build.0 = Win32 Debug|Win32
		{4908A1B7-06F4-4517-936A-D81D140004F7}.Win32 Debug|x64.ActiveCfg = Win32 Debug|x64
		{4908A1B7-06F4-4517-936A-D81D140004F7}.Win32 Debug|x64.Build.0 = Win32 Debug|x64
		{4908A1B7-06F4-4517-936A-D81D140004F7}.Win32 Release|Win32.ActiveCfg = Win32 Release|Win32
		{4908A1B7-06F4-4517-936A-D81D140004F7}.Win32 Release|Win32.Build.0 = Win32 Release|Win32
		{4908A1B7-06F4-4517-936A-D81D140004F7}.Win32 Release|x64.ActiveCfg = Win32 Release|x64
		{4908A1B7-06F4-4517-936A-D81D140004F7}.Win32 Release|x64.Build.0 = Win32 Release|x64
		{4908A1B7-06F4-4517-936A-D81D140004F7}.Win64 Debug|Win32.ActiveCfg = Win64 Debug|Win32
		{4908A1B7-06F4-4517-936A-D81D140004F7}.Win64 Debug|Win32.Build.0 = Win64 Debug|Win32
		{4908A1B7-06F4-4517-936A-D81D140004F7}.Win64 Debug|x64.ActiveCfg = Win64 Debug|x64
		{4908A1B7-06F4-4517-936A-D81D140004F7}.Win64 Debug|x64.Build.0 = Win64 Debug|x64
		{4908A1B7-06F4-4517-936A-D81D140004F7}.Win64 Release|Win32.ActiveCfg = Win64 Release|Win32
		{4908A1B7-06F4-4517-936A-D81D140004F7}.Win64 Release|Win32.Build.0 = Win64 Release|Win32
		{4908A1B7-06F4-4517-936A-D81D140004F7}.Win64 Release|x64.ActiveCfg = Win64 Release|x64
		{4908A1B7-06F4-4517-936A-D81D140004F7}.Win64 Release|x64.Build.0 = Win64 Release|x64
		{519F115F-F196-49FE-9B24-49618A6202BB}.Debug|Win32.ActiveCfg = Debug|Win32
		{519F115F-F196-49FE-9B24-49618A6202BB}.Debug|Win32.Build.0 = Debug|Win32
		{519F115F-F196-49FE-9B24-49618A6202BB}.Debug|x64.ActiveCfg = Debug|Win32
		{519F115F-F196-49FE-9B24-49618A6202BB}.MinSizeRel|Win32.ActiveCfg = MinSizeRel|Win32
		{519F115F-F196-49FE-9B24-49618A6202BB}.MinSizeRel|Win32.Build.0 = MinSizeRel|Win32
		{519F115F-F196-49FE-9B24-49618A6202BB}.MinSizeRel|x64.ActiveCfg = MinSizeRel|Win32
		{519F115F-F196-49FE-9B24-49618A6202BB}.Release|Win32.ActiveCfg = Release|Win32
		{519F115F-F196-49FE-9B24-49618A6202BB}.Release|Win32.Build.0 = Release|Win32
		{519F115F-F196-49FE-9B24-49618A6202BB}.Release|x64.ActiveCfg = Release|Win32
		{519F115F-F196-49FE-9B24-49618A6202BB}.RelWithDebInfo|Win32.ActiveCfg = RelWithDebInfo|Win32
		{519F115F-F196-49FE-9B24-49618A6202BB}.RelWithDebInfo|Win32.Build.0 = RelWithDebInfo|Win32
		{519F115F-F196-49FE-9B24-49618A6202BB}.RelWithDebInfo|x64.ActiveCfg = RelWithDebInfo|Win32
		{519F115F-F196-49FE-9B24-49618A6202BB}.Win32 Debug|Win32.ActiveCfg = Debug|Win32
		{519F115F-F196-49FE-9B24-49618A6202BB}.Win32 Debug|Win32.Build.0 = Debug|Win32
		{519F115F-F196-49FE-9B24-49618A6202BB}.Win32 Debug|x64.ActiveCfg = Debug|Win32
		{519F115F-F196-49FE-9B24-49618A6202BB}.Win32 Release|Win32.ActiveCfg = Release|Win32
		{519F115F-F196-49FE-9B24-49618A6202BB}.Win32 Release|Win32.Build.0 = Release|Win32
		{519F115F-F196-49FE-9B24-49618A6202BB}.Win32 Release|x64.ActiveCfg = Release|Win32
		{519F115F-F196-49FE-9B24-49618A6202BB}.Win64 Debug|Win32.ActiveCfg = Debug|Win32
		{519F115F-F196-49FE-9B24-49618A6202BB}.Win64 Debug|Win32.Build.0 = Debug|Win32
		{519F115F-F196-49FE-9B24-49618A6202BB}.Win64 Debug|x64.ActiveCfg = Debug|Win32
		{519F115F-F196-49FE-9B24-49618A6202BB}.Win64 Release|Win32.ActiveCfg = Release|Win32
		{519F115F-F196-49FE-9B24-49618A6202BB}.Win64 Release|Win32.Build.0 = Release|Win32
		{519F115F-F196-49FE-9B24-49618A6202BB}.Win64 Release|x64.ActiveCfg = Release|Win32
		{C0E1329C-3D6F-492D-8EFF-08069F096C6E}.Debug|Win32.ActiveCfg = Debug|Win32
		{C0E1329C-3D6F-492D-8EFF-08069F096C6E}.Debug|Win32.Build.0 = Debug|Win32
		{C0E1329C-3D6F-492D-8EFF-08069F096C6E}.Debug|x64.ActiveCfg = Debug|Win32
		{C0E1329C-3D6F-492D-8EFF-08069F096C6E}.MinSizeRel|Win32.ActiveCfg = MinSizeRel|Win32
		{C0E1329C-3D6F-492D-8EFF-08069F096C6E}.MinSizeRel|Win32.Build.0 = MinSizeRel|Win32
		{C0E1329C-3D6F-492D-8EFF-08069F096C6E}.MinSizeRel|x64.ActiveCfg = MinSizeRel|Win32
		{C0E1329C-3D6F-492D-8EFF-08069F096C6E}.Release|Win32.ActiveCfg = Release|Win32
		{C0E1329C-3D6F-492D-8EFF-08069F096C6E}.Release|Win32.Build.0 = Release|Win32
		{C0E1329C-3D6F-492D-8EFF-08069F096C6E}.Release|x64.ActiveCfg = Release|Win32
		{C0E1329C-3D6F-492D-8EFF-08069F096C6E}.RelWithDebInfo|Win32.ActiveCfg = RelWithDebInfo|Win32
		{C0E1329C-3D6F-492D-8EFF-08069F096C6E}.RelWithDebInfo|Win32.Build.0 = RelWithDebInfo|Win32
		{C0E1329C-3D6F-492D-8EFF-08069F096C6E}.RelWithDebInfo|x64.ActiveCfg = RelWithDebInfo|Win32
		{C0E1329C-3D6F-492D-8EFF-08069F096C6E}.Win32 Debug|Win32.ActiveCfg = Debug|Win32
		{C0E1329C-3D6F-492D-8EFF-08069F096C6E}.Win32 Debug|Win32.Build.0 = Debug|Win32
		{C0E1329C-3D6F-492D-8EFF-08069F096C6E}.Win32 Debug|x64.ActiveCfg = Debug|Win32
		{C0E1329C-3D6F-492D-8EFF-08069F096C6E}.Win32 Release|Win32.ActiveCfg = Release|Win32
		{C0E1329C-3D6F-492D-8EFF-08069F096C6E}.Win32 Release|Win32.Build.0 = Release|Win32
		{C0E1329C-3D6F-492D-8EFF-08069F096C6E}.Win32 Release|x64.ActiveCfg = Release|Win32
		{C0E1329C-3D6F-492D-8EFF-08069F096C6E}.Win64 Debug|Win32.ActiveCfg = Debug|Win32
		{C0E1329C-3D6F-492D-8EFF-08069F096C6E}.Win64 Debug|Win32.Build.0 = Debug|Win32
		{C0E1329C-3D6F-492D-8EFF-08069F096C6E}.Win64 Debug|x64.ActiveCfg = Debug|Win32
		{C0E1329C-3D6F-492D-8EFF-08069F096C6E}.Win64 Release|Win32.ActiveCfg = Release|Win32
		{C0E1329C-3D6F-492D-8EFF-08069F096C6E}.Win64 Release|Win32.Build.0 = Release|Win32
		{C0E1329C-3D6F-492D-8EFF-08069F096C6E}.Win64 Release|x64.ActiveCfg = Release|Win32
		{C50159E6-AB98-46A3-81DA-720CC6A8A86E}.Debug|Win32.ActiveCfg = Debug|Win32
		{C50159E6-AB98-46A3-81DA-720CC6A8A86E}.Debug|Win32.Build.0 = Debug|Win32
		{C50159E6-AB98-46A3-81DA-720CC6A8A86E}.Debug|x64.ActiveCfg = Debug|Win32
		{C50159E6-AB98-46A3-81DA-720CC6A8A86E}.MinSizeRel|Win32.ActiveCfg = MinSizeRel|Win32
		{C50159E6-AB98-46A3-81DA-720CC6A8A86E}.MinSizeRel|Win32.Build.0 = MinSizeRel|Win32
		{C50159E6-AB98-46A3-81DA-720CC6A8A86E}.MinSizeRel|x64.ActiveCfg = MinSizeRel|Win32
		{C50159E6-AB98-46A3-81DA-720CC6A8A86E}.Release|Win32.ActiveCfg = Release|Win32
		{C50159E6-AB98-46A3-81DA-720CC6A8A86E}.Release|Win32.Build.0 = Release|Win32
		{C50159E6-AB98-46A3-81DA-720CC6A8A86E}.Release|x64.ActiveCfg = Release|Win32
		{C50159E6-AB98-46A3-81DA-720CC6A8A86E}.RelWithDebInfo|Win32.ActiveCfg = RelWithDebInfo|Win32
		{C50159E6-AB98-46A3-81DA-720CC6A8A86E}.RelWithDebInfo|Win32.Build.0 = RelWithDebInfo|Win32
		{C50159E6-AB98-46A3-81DA-720CC6A8A86E}.RelWithDebInfo|x64.ActiveCfg = RelWithDebInfo|Win32
		{C50159E6-AB98-46A3-81DA-720CC6A8A86E}.Win32 Debug|Win32.ActiveCfg = Debug|Win32
		{C50159E6-AB98-46A3-81DA-720CC6A8A86E}.Win32 Debug|Win32.Build.0 = Debug|Win32
		{C50159E6-AB98-46A3-81DA-720CC6A8A86E}.Win32 Debug|x64.ActiveCfg = Debug|Win32
		{C50159E6-AB98-46A3-81DA-720CC6A8A86E}.Win32 Release|Win32.ActiveCfg = Release|Win32
		{C50159E6-AB98-46A3-81DA-720CC6A8A86E}.Win32 Release|Win32.Build.0 = Release|Win32
		{C50159E6-AB98-46A3-81DA-720CC6A8A86E}.Win32 Release|x64.ActiveCfg = Release|Win32
		{C50159E6-AB98-46A3-81DA-720CC6A8A86E}.Win64 Debug|Win32.ActiveCfg = Debug|Win32
		{C50159E6-AB98-46A3-81DA-720CC6A8A86E}.Win64 Debug|Win32.Build.0 = Debug|Win32
		{C50159E6-AB98-46A3-81DA-720CC6A8A86E}.Win64 Debug|x64.ActiveCfg = Debug|Win32
		{C50159E6-AB98-46A3-81DA-720CC6A8A86E}.Win64 Release|Win32.ActiveCfg = Release|Win32
		{C50159E6-AB98-46A3-81DA-720CC6A8A86E}.Win64 Release|Win32.Build.0 = Release|Win32
		{C50159E6-AB98-46A3-81DA-720CC6A8A86E}.Win64 Release|x64.ActiveCfg = Release|Win32
		{A0E7D548-5EF1-4D5A-A1E0-B92EC1EE6A3B}.Debug|Win32.ActiveCfg = Debug|Win32
		{A0E7D548-5EF1-4D5A-A1E0-B92EC1EE6A3B}.Debug|Win32.Build.0 = Debug|Win32
		{A0E7D548-5EF1-4D5A-A1E0-B92EC1EE6A3B}.Debug|x64.ActiveCfg = Debug|Win32
		{A0E7D548-5EF1-4D5A-A1E0-B92EC1EE6A3B}.MinSizeRel|Win32.ActiveCfg = MinSizeRel|Win32
		{A0E7D548-5EF1-4D5A-A1E0-B92EC1EE6A3B}.MinSizeRel|Win32.Build.0 = MinSizeRel|Win32
		{A0E7D548-5EF1-4D5A-A1E0-B92EC1EE6A3B}.MinSizeRel|x64.ActiveCfg = MinSizeRel|Win32
		{A0E7D548-5EF1-4D5A-A1E0-B92EC1EE6A3B}.Release|Win32.ActiveCfg = Release|Win32
		{A0E7D548-5EF1-4D5A-A1E0-B92EC1EE6A3B}.Release|Win32.Build.0 = Release|Win32
		{A0E7D548-5EF1-4D5A-A1E0-B92EC1EE6A3B}.Release|x64.ActiveCfg = Release|Win32
		{A0E7D548-5EF1-4D5A-A1E0-B92EC1EE6A3B}.RelWithDebInfo|Win32.ActiveCfg = RelWithDebInfo|Win32
		{A0E7D548-5EF1-4D5A-A1E0-B92EC1EE6A3B}.RelWithDebInfo|Win32.Build.0 = RelWithDebInfo|Win32
		{A0E7D548-5EF1-4D5A-A1E0-B92EC1EE6A3B}.RelWithDebInfo|x64.ActiveCfg = RelWithDebInfo|Win32
		{A0E7D548-5EF1-4D5A-A1E0-B92EC1EE6A3B}.Win32 Debug|Win32.ActiveCfg = Debug|Win32
		{A0E7D548-5EF1-4D5A-A1E0-B92EC1EE6A3B}.Win32 Debug|Win32.Build.0 = Debug|Win32
		{A0E7D548-5EF1-4D5A-A1E0-B92EC1EE6A3B}.Win32 Debug|x64.ActiveCfg = Debug|Win32
		{A0E7D548-5EF1-4D5A-A1E0-B92EC1EE6A3B}.Win32 Release|Win32.ActiveCfg = Release|Win32
		{A0E7D548-5EF1-4D5A-A1E0-B92EC1EE6A3B}.Win32 Release|Win32.Build.0 = Release|Win32
		{A0E7D548-5EF1-4D5A-A1E0-B92EC1EE6A3B}.Win32 Release|x64.ActiveCfg = Release|Win32
		{A0E7D548-5EF1-4D5A-A1E0-B92EC1EE6A3B}.Win64 Debug|Win32.ActiveCfg = Debug|Win32
		{A0E7D548-5EF1-4D5A-A1E0-B92EC1EE6A3B}.Win64 Debug|Win32.Build.0 = Debug|Win32
		{A0E7D548-5EF1-4D5A-A1E0-B92EC1EE6A3B}.Win64 Debug|x64.ActiveCfg = Debug|Win32
		{A0E7D548-5EF1-4D5A-A1E0-B92EC1EE6A3B}.Win64 Release|Win32.ActiveCfg = Release|Win32
		{A0E7D548-5EF1-4D5A-A1E0-B92EC1EE6A3B}.Win64 Release|Win32.Build.0 = Release|Win32
		{A0E7D548-5EF1-4D5A-A1E0-B92EC1EE6A3B}.Win64 Release|x64.ActiveCfg = Release|Win32
	EndGlobalSection
	GlobalSection(SolutionProperties) = preSolution
		HideSolutionNode = FALSE
	EndGlobalSection
EndGlobal
