Microsoft Visual Studio Solution File, Format Version 10.00
# Visual Studio 2008
Project("{8BC9CEB8-8B4A-11D0-8D11-00A0C91BC942}") = "AppBasicDemo", "Demos\BasicDemo\AppBasicDemo.vcproj", "{23C60F96-ECB1-4F28-9051-D5C151A02ABC}"
	ProjectSection(ProjectDependencies) = postProject
		{040A7489-F14A-4014-A112-0FEF6C9A3A3D} = {040A7489-F14A-4014-A112-0FEF6C9A3A3D}
		{314DEFCB-0C9B-4702-9909-F44A8C165EA2} = {314DEFCB-0C9B-4702-9909-F44A8C165EA2}
		{BF48660C-2BFA-49CD-90ED-E8EDF43AE0D8} = {BF48660C-2BFA-49CD-90ED-E8EDF43AE0D8}
		{56BA3BC4-F9BA-4930-81DE-77E3F81DB530} = {56BA3BC4-F9BA-4930-81DE-77E3F81DB530}
		{E25E8778-49C0-4D95-ADCC-F53FEBFAE98F} = {E25E8778-49C0-4D95-ADCC-F53FEBFAE98F}
	EndProjectSection
EndProject
Project("{8BC9CEB8-8B4A-11D0-8D11-00A0C91BC942}") = "AppHelloWorld", "Tutorials\HelloWorld\AppHelloWorld.vcproj", "{191793F1-CF4F-47D4-8F68-8E686FB04F23}"
	ProjectSection(ProjectDependencies) = postProject
		{E80F0EAD-9845-45B6-B464-165CB47B9DEE} = {E80F0EAD-9845-45B6-B464-165CB47B9DEE}
		{39CFBD85-543F-4CAC-A490-E1924D05E1A8} = {39CFBD85-543F-4CAC-A490-E1924D05E1A8}
		{E25E8778-49C0-4D95-ADCC-F53FEBFAE98F} = {E25E8778-49C0-4D95-ADCC-F53FEBFAE98F}
	EndProjectSection
EndProject
Project("{8BC9CEB8-8B4A-11D0-8D11-00A0C91BC942}") = "BulletCollision", "src\BulletCollision\BulletCollision.vcproj", "{BF48660C-2BFA-49CD-90ED-E8EDF43AE0D8}"
	ProjectSection(ProjectDependencies) = postProject
		{E25E8778-49C0-4D95-ADCC-F53FEBFAE98F} = {E25E8778-49C0-4D95-ADCC-F53FEBFAE98F}
	EndProjectSection
EndProject
Project("{8BC9CEB8-8B4A-11D0-8D11-00A0C91BC942}") = "BulletDynamics", "src\BulletDynamics\BulletDynamics.vcproj", "{314DEFCB-0C9B-4702-9909-F44A8C165EA2}"
	ProjectSection(ProjectDependencies) = postProject
		{E25E8778-49C0-4D95-ADCC-F53FEBFAE98F} = {E25E8778-49C0-4D95-ADCC-F53FEBFAE98F}
	EndProjectSection
EndProject
Project("{8BC9CEB8-8B4A-11D0-8D11-00A0C91BC942}") = "BulletMultiThreaded", "src\BulletMultiThreaded\BulletMultiThreaded.vcproj", "{1C2531CA-CC18-4F0E-BF03-C0E796CDDE80}"
	ProjectSection(ProjectDependencies) = postProject
		{E25E8778-49C0-4D95-ADCC-F53FEBFAE98F} = {E25E8778-49C0-4D95-ADCC-F53FEBFAE98F}
	EndProjectSection
EndProject
Project("{8BC9CEB8-8B4A-11D0-8D11-00A0C91BC942}") = "BulletSoftBody", "src\BulletSoftBody\BulletSoftBody.vcproj", "{51F0C1E6-91F6-4428-A63C-003E1541D2EF}"
	ProjectSection(ProjectDependencies) = postProject
		{E25E8778-49C0-4D95-ADCC-F53FEBFAE98F} = {E25E8778-49C0-4D95-ADCC-F53FEBFAE98F}
	EndProjectSection
EndProject
Project("{8BC9CEB8-8B4A-11D0-8D11-00A0C91BC942}") = "LinearMath", "src\LinearMath\LinearMath.vcproj", "{56BA3BC4-F9BA-4930-81DE-77E3F81DB530}"
	ProjectSection(ProjectDependencies) = postProject
		{E25E8778-49C0-4D95-ADCC-F53FEBFAE98F} = {E25E8778-49C0-4D95-ADCC-F53FEBFAE98F}
	EndProjectSection
EndProject
Project("{8BC9CEB8-8B4A-11D0-8D11-00A0C91BC942}") = "OpenGLSupport", "Demos\OpenGL\OpenGLSupport.vcproj", "{040A7489-F14A-4014-A112-0FEF6C9A3A3D}"
	ProjectSection(ProjectDependencies) = postProject
		{E25E8778-49C0-4D95-ADCC-F53FEBFAE98F} = {E25E8778-49C0-4D95-ADCC-F53FEBFAE98F}
	EndProjectSection
EndProject
Project("{8BC9CEB8-8B4A-11D0-8D11-00A0C91BC942}") = "PfxCommonFormat", "Plugins\PfxCommonFormat\PfxCommonFormat.vcproj", "{D925AC04-C6F9-4AFA-A093-E166A19E123A}"
	ProjectSection(ProjectDependencies) = postProject
		{E25E8778-49C0-4D95-ADCC-F53FEBFAE98F} = {E25E8778-49C0-4D95-ADCC-F53FEBFAE98F}
	EndProjectSection
EndProject
Project("{8BC9CEB8-8B4A-11D0-8D11-00A0C91BC942}") = "PhysicsEffectsCollision", "Physics\RigidBody\common\PhysicsEffectsCollision.vcproj", "{39CFBD85-543F-4CAC-A490-E1924D05E1A8}"
	ProjectSection(ProjectDependencies) = postProject
		{E25E8778-49C0-4D95-ADCC-F53FEBFAE98F} = {E25E8778-49C0-4D95-ADCC-F53FEBFAE98F}
	EndProjectSection
EndProject
Project("{8BC9CEB8-8B4A-11D0-8D11-00A0C91BC942}") = "PhysicsEffectsRayCast", "Physics\RayCast\PhysicsEffectsRayCast.vcproj", "{535FF9BB-5E6D-4C85-93AD-3A07ECE2C1F7}"
	ProjectSection(ProjectDependencies) = postProject
		{E25E8778-49C0-4D95-ADCC-F53FEBFAE98F} = {E25E8778-49C0-4D95-ADCC-F53FEBFAE98F}
	EndProjectSection
EndProject
Project("{8BC9CEB8-8B4A-11D0-8D11-00A0C91BC942}") = "PhysicsEffectsRayIntersect", "Physics\RayCast\common\PhysicsEffectsRayIntersect.vcproj", "{E882FBE9-1475-4894-AE0D-C8013CB36A1A}"
	ProjectSection(ProjectDependencies) = postProject
		{E25E8778-49C0-4D95-ADCC-F53FEBFAE98F} = {E25E8778-49C0-4D95-ADCC-F53FEBFAE98F}
	EndProjectSection
EndProject
Project("{8BC9CEB8-8B4A-11D0-8D11-00A0C91BC942}") = "PhysicsEffectsRigidBody", "Physics\RigidBody\PhysicsEffectsRigidBody.vcproj", "{E80F0EAD-9845-45B6-B464-165CB47B9DEE}"
	ProjectSection(ProjectDependencies) = postProject
		{E25E8778-49C0-4D95-ADCC-F53FEBFAE98F} = {E25E8778-49C0-4D95-ADCC-F53FEBFAE98F}
	EndProjectSection
EndProject
Global
	GlobalSection(SolutionConfigurationPlatforms) = preSolution
		Debug|Win32 = Debug|Win32
		Release|Win32 = Release|Win32
		MinSizeRel|Win32 = MinSizeRel|Win32
		RelWithDebInfo|Win32 = RelWithDebInfo|Win32
	EndGlobalSection
	GlobalSection(ProjectConfigurationPlatforms) = postSolution
		{FD469184-0C4B-4EAA-ACC0-E78537C607B0}.Debug|Win32.ActiveCfg = Debug|Win32
		{FD469184-0C4B-4EAA-ACC0-E78537C607B0}.Debug|Win32.Build.0 = Debug|Win32
		{FD469184-0C4B-4EAA-ACC0-E78537C607B0}.Release|Win32.ActiveCfg = Release|Win32
		{FD469184-0C4B-4EAA-ACC0-E78537C607B0}.Release|Win32.Build.0 = Release|Win32
		{FD469184-0C4B-4EAA-ACC0-E78537C607B0}.MinSizeRel|Win32.ActiveCfg = MinSizeRel|Win32
		{FD469184-0C4B-4EAA-ACC0-E78537C607B0}.MinSizeRel|Win32.Build.0 = MinSizeRel|Win32
		{FD469184-0C4B-4EAA-ACC0-E78537C607B0}.RelWithDebInfo|Win32.ActiveCfg = RelWithDebInfo|Win32
		{FD469184-0C4B-4EAA-ACC0-E78537C607B0}.RelWithDebInfo|Win32.Build.0 = RelWithDebInfo|Win32
		{23C60F96-ECB1-4F28-9051-D5C151A02ABC}.Debug|Win32.ActiveCfg = Debug|Win32
		{23C60F96-ECB1-4F28-9051-D5C151A02ABC}.Debug|Win32.Build.0 = Debug|Win32
		{23C60F96-ECB1-4F28-9051-D5C151A02ABC}.Release|Win32.ActiveCfg = Release|Win32
		{23C60F96-ECB1-4F28-9051-D5C151A02ABC}.Release|Win32.Build.0 = Release|Win32
		{23C60F96-ECB1-4F28-9051-D5C151A02ABC}.MinSizeRel|Win32.ActiveCfg = MinSizeRel|Win32
		{23C60F96-ECB1-4F28-9051-D5C151A02ABC}.MinSizeRel|Win32.Build.0 = MinSizeRel|Win32
		{23C60F96-ECB1-4F28-9051-D5C151A02ABC}.RelWithDebInfo|Win32.ActiveCfg = RelWithDebInfo|Win32
		{23C60F96-ECB1-4F28-9051-D5C151A02ABC}.RelWithDebInfo|Win32.Build.0 = RelWithDebInfo|Win32
		{191793F1-CF4F-47D4-8F68-8E686FB04F23}.Debug|Win32.ActiveCfg = Debug|Win32
		{191793F1-CF4F-47D4-8F68-8E686FB04F23}.Debug|Win32.Build.0 = Debug|Win32
		{191793F1-CF4F-47D4-8F68-8E686FB04F23}.Release|Win32.ActiveCfg = Release|Win32
		{191793F1-CF4F-47D4-8F68-8E686FB04F23}.Release|Win32.Build.0 = Release|Win32
		{191793F1-CF4F-47D4-8F68-8E686FB04F23}.MinSizeRel|Win32.ActiveCfg = MinSizeRel|Win32
		{191793F1-CF4F-47D4-8F68-8E686FB04F23}.MinSizeRel|Win32.Build.0 = MinSizeRel|Win32
		{191793F1-CF4F-47D4-8F68-8E686FB04F23}.RelWithDebInfo|Win32.ActiveCfg = RelWithDebInfo|Win32
		{191793F1-CF4F-47D4-8F68-8E686FB04F23}.RelWithDebInfo|Win32.Build.0 = RelWithDebInfo|Win32
		{BF48660C-2BFA-49CD-90ED-E8EDF43AE0D8}.Debug|Win32.ActiveCfg = Debug|Win32
		{BF48660C-2BFA-49CD-90ED-E8EDF43AE0D8}.Debug|Win32.Build.0 = Debug|Win32
		{BF48660C-2BFA-49CD-90ED-E8EDF43AE0D8}.Release|Win32.ActiveCfg = Release|Win32
		{BF48660C-2BFA-49CD-90ED-E8EDF43AE0D8}.Release|Win32.Build.0 = Release|Win32
		{BF48660C-2BFA-49CD-90ED-E8EDF43AE0D8}.MinSizeRel|Win32.ActiveCfg = MinSizeRel|Win32
		{BF48660C-2BFA-49CD-90ED-E8EDF43AE0D8}.MinSizeRel|Win32.Build.0 = MinSizeRel|Win32
		{BF48660C-2BFA-49CD-90ED-E8EDF43AE0D8}.RelWithDebInfo|Win32.ActiveCfg = RelWithDebInfo|Win32
		{BF48660C-2BFA-49CD-90ED-E8EDF43AE0D8}.RelWithDebInfo|Win32.Build.0 = RelWithDebInfo|Win32
		{314DEFCB-0C9B-4702-9909-F44A8C165EA2}.Debug|Win32.ActiveCfg = Debug|Win32
		{314DEFCB-0C9B-4702-9909-F44A8C165EA2}.Debug|Win32.Build.0 = Debug|Win32
		{314DEFCB-0C9B-4702-9909-F44A8C165EA2}.Release|Win32.ActiveCfg = Release|Win32
		{314DEFCB-0C9B-4702-9909-F44A8C165EA2}.Release|Win32.Build.0 = Release|Win32
		{314DEFCB-0C9B-4702-9909-F44A8C165EA2}.MinSizeRel|Win32.ActiveCfg = MinSizeRel|Win32
		{314DEFCB-0C9B-4702-9909-F44A8C165EA2}.MinSizeRel|Win32.Build.0 = MinSizeRel|Win32
		{314DEFCB-0C9B-4702-9909-F44A8C165EA2}.RelWithDebInfo|Win32.ActiveCfg = RelWithDebInfo|Win32
		{314DEFCB-0C9B-4702-9909-F44A8C165EA2}.RelWithDebInfo|Win32.Build.0 = RelWithDebInfo|Win32
		{1C2531CA-CC18-4F0E-BF03-C0E796CDDE80}.Debug|Win32.ActiveCfg = Debug|Win32
		{1C2531CA-CC18-4F0E-BF03-C0E796CDDE80}.Debug|Win32.Build.0 = Debug|Win32
		{1C2531CA-CC18-4F0E-BF03-C0E796CDDE80}.Release|Win32.ActiveCfg = Release|Win32
		{1C2531CA-CC18-4F0E-BF03-C0E796CDDE80}.Release|Win32.Build.0 = Release|Win32
		{1C2531CA-CC18-4F0E-BF03-C0E796CDDE80}.MinSizeRel|Win32.ActiveCfg = MinSizeRel|Win32
		{1C2531CA-CC18-4F0E-BF03-C0E796CDDE80}.MinSizeRel|Win32.Build.0 = MinSizeRel|Win32
		{1C2531CA-CC18-4F0E-BF03-C0E796CDDE80}.RelWithDebInfo|Win32.ActiveCfg = RelWithDebInfo|Win32
		{1C2531CA-CC18-4F0E-BF03-C0E796CDDE80}.RelWithDebInfo|Win32.Build.0 = RelWithDebInfo|Win32
		{51F0C1E6-91F6-4428-A63C-003E1541D2EF}.Debug|Win32.ActiveCfg = Debug|Win32
		{51F0C1E6-91F6-4428-A63C-003E1541D2EF}.Debug|Win32.Build.0 = Debug|Win32
		{51F0C1E6-91F6-4428-A63C-003E1541D2EF}.Release|Win32.ActiveCfg = Release|Win32
		{51F0C1E6-91F6-4428-A63C-003E1541D2EF}.Release|Win32.Build.0 = Release|Win32
		{51F0C1E6-91F6-4428-A63C-003E1541D2EF}.MinSizeRel|Win32.ActiveCfg = MinSizeRel|Win32
		{51F0C1E6-91F6-4428-A63C-003E1541D2EF}.MinSizeRel|Win32.Build.0 = MinSizeRel|Win32
		{51F0C1E6-91F6-4428-A63C-003E1541D2EF}.RelWithDebInfo|Win32.ActiveCfg = RelWithDebInfo|Win32
		{51F0C1E6-91F6-4428-A63C-003E1541D2EF}.RelWithDebInfo|Win32.Build.0 = RelWithDebInfo|Win32
		{68A198EF-B99A-4F53-8698-AC84E91AAA81}.Debug|Win32.ActiveCfg = Debug|Win32
		{68A198EF-B99A-4F53-8698-AC84E91AAA81}.Release|Win32.ActiveCfg = Release|Win32
		{68A198EF-B99A-4F53-8698-AC84E91AAA81}.MinSizeRel|Win32.ActiveCfg = MinSizeRel|Win32
		{68A198EF-B99A-4F53-8698-AC84E91AAA81}.RelWithDebInfo|Win32.ActiveCfg = RelWithDebInfo|Win32
		{56BA3BC4-F9BA-4930-81DE-77E3F81DB530}.Debug|Win32.ActiveCfg = Debug|Win32
		{56BA3BC4-F9BA-4930-81DE-77E3F81DB530}.Debug|Win32.Build.0 = Debug|Win32
		{56BA3BC4-F9BA-4930-81DE-77E3F81DB530}.Release|Win32.ActiveCfg = Release|Win32
		{56BA3BC4-F9BA-4930-81DE-77E3F81DB530}.Release|Win32.Build.0 = Release|Win32
		{56BA3BC4-F9BA-4930-81DE-77E3F81DB530}.MinSizeRel|Win32.ActiveCfg = MinSizeRel|Win32
		{56BA3BC4-F9BA-4930-81DE-77E3F81DB530}.MinSizeRel|Win32.Build.0 = MinSizeRel|Win32
		{56BA3BC4-F9BA-4930-81DE-77E3F81DB530}.RelWithDebInfo|Win32.ActiveCfg = RelWithDebInfo|Win32
		{56BA3BC4-F9BA-4930-81DE-77E3F81DB530}.RelWithDebInfo|Win32.Build.0 = RelWithDebInfo|Win32
		{040A7489-F14A-4014-A112-0FEF6C9A3A3D}.Debug|Win32.ActiveCfg = Debug|Win32
		{040A7489-F14A-4014-A112-0FEF6C9A3A3D}.Debug|Win32.Build.0 = Debug|Win32
		{040A7489-F14A-4014-A112-0FEF6C9A3A3D}.Release|Win32.ActiveCfg = Release|Win32
		{040A7489-F14A-4014-A112-0FEF6C9A3A3D}.Release|Win32.Build.0 = Release|Win32
		{040A7489-F14A-4014-A112-0FEF6C9A3A3D}.MinSizeRel|Win32.ActiveCfg = MinSizeRel|Win32
		{040A7489-F14A-4014-A112-0FEF6C9A3A3D}.MinSizeRel|Win32.Build.0 = MinSizeRel|Win32
		{040A7489-F14A-4014-A112-0FEF6C9A3A3D}.RelWithDebInfo|Win32.ActiveCfg = RelWithDebInfo|Win32
		{040A7489-F14A-4014-A112-0FEF6C9A3A3D}.RelWithDebInfo|Win32.Build.0 = RelWithDebInfo|Win32
		{D925AC04-C6F9-4AFA-A093-E166A19E123A}.Debug|Win32.ActiveCfg = Debug|Win32
		{D925AC04-C6F9-4AFA-A093-E166A19E123A}.Debug|Win32.Build.0 = Debug|Win32
		{D925AC04-C6F9-4AFA-A093-E166A19E123A}.Release|Win32.ActiveCfg = Release|Win32
		{D925AC04-C6F9-4AFA-A093-E166A19E123A}.Release|Win32.Build.0 = Release|Win32
		{D925AC04-C6F9-4AFA-A093-E166A19E123A}.MinSizeRel|Win32.ActiveCfg = MinSizeRel|Win32
		{D925AC04-C6F9-4AFA-A093-E166A19E123A}.MinSizeRel|Win32.Build.0 = MinSizeRel|Win32
		{D925AC04-C6F9-4AFA-A093-E166A19E123A}.RelWithDebInfo|Win32.ActiveCfg = RelWithDebInfo|Win32
		{D925AC04-C6F9-4AFA-A093-E166A19E123A}.RelWithDebInfo|Win32.Build.0 = RelWithDebInfo|Win32
		{39CFBD85-543F-4CAC-A490-E1924D05E1A8}.Debug|Win32.ActiveCfg = Debug|Win32
		{39CFBD85-543F-4CAC-A490-E1924D05E1A8}.Debug|Win32.Build.0 = Debug|Win32
		{39CFBD85-543F-4CAC-A490-E1924D05E1A8}.Release|Win32.ActiveCfg = Release|Win32
		{39CFBD85-543F-4CAC-A490-E1924D05E1A8}.Release|Win32.Build.0 = Release|Win32
		{39CFBD85-543F-4CAC-A490-E1924D05E1A8}.MinSizeRel|Win32.ActiveCfg = MinSizeRel|Win32
		{39CFBD85-543F-4CAC-A490-E1924D05E1A8}.MinSizeRel|Win32.Build.0 = MinSizeRel|Win32
		{39CFBD85-543F-4CAC-A490-E1924D05E1A8}.RelWithDebInfo|Win32.ActiveCfg = RelWithDebInfo|Win32
		{39CFBD85-543F-4CAC-A490-E1924D05E1A8}.RelWithDebInfo|Win32.Build.0 = RelWithDebInfo|Win32
		{535FF9BB-5E6D-4C85-93AD-3A07ECE2C1F7}.Debug|Win32.ActiveCfg = Debug|Win32
		{535FF9BB-5E6D-4C85-93AD-3A07ECE2C1F7}.Debug|Win32.Build.0 = Debug|Win32
		{535FF9BB-5E6D-4C85-93AD-3A07ECE2C1F7}.Release|Win32.ActiveCfg = Release|Win32
		{535FF9BB-5E6D-4C85-93AD-3A07ECE2C1F7}.Release|Win32.Build.0 = Release|Win32
		{535FF9BB-5E6D-4C85-93AD-3A07ECE2C1F7}.MinSizeRel|Win32.ActiveCfg = MinSizeRel|Win32
		{535FF9BB-5E6D-4C85-93AD-3A07ECE2C1F7}.MinSizeRel|Win32.Build.0 = MinSizeRel|Win32
		{535FF9BB-5E6D-4C85-93AD-3A07ECE2C1F7}.RelWithDebInfo|Win32.ActiveCfg = RelWithDebInfo|Win32
		{535FF9BB-5E6D-4C85-93AD-3A07ECE2C1F7}.RelWithDebInfo|Win32.Build.0 = RelWithDebInfo|Win32
		{E882FBE9-1475-4894-AE0D-C8013CB36A1A}.Debug|Win32.ActiveCfg = Debug|Win32
		{E882FBE9-1475-4894-AE0D-C8013CB36A1A}.Debug|Win32.Build.0 = Debug|Win32
		{E882FBE9-1475-4894-AE0D-C8013CB36A1A}.Release|Win32.ActiveCfg = Release|Win32
		{E882FBE9-1475-4894-AE0D-C8013CB36A1A}.Release|Win32.Build.0 = Release|Win32
		{E882FBE9-1475-4894-AE0D-C8013CB36A1A}.MinSizeRel|Win32.ActiveCfg = MinSizeRel|Win32
		{E882FBE9-1475-4894-AE0D-C8013CB36A1A}.MinSizeRel|Win32.Build.0 = MinSizeRel|Win32
		{E882FBE9-1475-4894-AE0D-C8013CB36A1A}.RelWithDebInfo|Win32.ActiveCfg = RelWithDebInfo|Win32
		{E882FBE9-1475-4894-AE0D-C8013CB36A1A}.RelWithDebInfo|Win32.Build.0 = RelWithDebInfo|Win32
		{E80F0EAD-9845-45B6-B464-165CB47B9DEE}.Debug|Win32.ActiveCfg = Debug|Win32
		{E80F0EAD-9845-45B6-B464-165CB47B9DEE}.Debug|Win32.Build.0 = Debug|Win32
		{E80F0EAD-9845-45B6-B464-165CB47B9DEE}.Release|Win32.ActiveCfg = Release|Win32
		{E80F0EAD-9845-45B6-B464-165CB47B9DEE}.Release|Win32.Build.0 = Release|Win32
		{E80F0EAD-9845-45B6-B464-165CB47B9DEE}.MinSizeRel|Win32.ActiveCfg = MinSizeRel|Win32
		{E80F0EAD-9845-45B6-B464-165CB47B9DEE}.MinSizeRel|Win32.Build.0 = MinSizeRel|Win32
		{E80F0EAD-9845-45B6-B464-165CB47B9DEE}.RelWithDebInfo|Win32.ActiveCfg = RelWithDebInfo|Win32
		{E80F0EAD-9845-45B6-B464-165CB47B9DEE}.RelWithDebInfo|Win32.Build.0 = RelWithDebInfo|Win32
	EndGlobalSection
	GlobalSection(ExtensibilityGlobals) = postSolution
	EndGlobalSection
	GlobalSection(ExtensibilityAddIns) = postSolution
	EndGlobalSection
EndGlobal
